// !$*UTF8*$!
{
	archiveVersion = 1;
	classes = {
	};
	objectVersion = 46;
	objects = {

/* Begin PBXBuildFile section */
		4EA63F3E1CEB456F00807710 /* AppDelegate.swift in Sources */ = {isa = PBXBuildFile; fileRef = 4EA63F3D1CEB456F00807710 /* AppDelegate.swift */; };
		4EA63F401CEB456F00807710 /* ViewController.swift in Sources */ = {isa = PBXBuildFile; fileRef = 4EA63F3F1CEB456F00807710 /* ViewController.swift */; };
		4EA63F431CEB456F00807710 /* Main.storyboard in Resources */ = {isa = PBXBuildFile; fileRef = 4EA63F411CEB456F00807710 /* Main.storyboard */; };
		4EA63F451CEB456F00807710 /* Assets.xcassets in Resources */ = {isa = PBXBuildFile; fileRef = 4EA63F441CEB456F00807710 /* Assets.xcassets */; };
		4EA63F481CEB456F00807710 /* LaunchScreen.storyboard in Resources */ = {isa = PBXBuildFile; fileRef = 4EA63F461CEB456F00807710 /* LaunchScreen.storyboard */; };
		4EA63F531CEB456F00807710 /* ios_multitalkTests.swift in Sources */ = {isa = PBXBuildFile; fileRef = 4EA63F521CEB456F00807710 /* ios_multitalkTests.swift */; };
		4EA63F5E1CEB456F00807710 /* ios_multitalkUITests.swift in Sources */ = {isa = PBXBuildFile; fileRef = 4EA63F5D1CEB456F00807710 /* ios_multitalkUITests.swift */; };
		53B46B6006E0128869266049 /* Pods_ios_multitalk.framework in Frameworks */ = {isa = PBXBuildFile; fileRef = 9814CF24F985DB713C3E8197 /* Pods_ios_multitalk.framework */; };
/* End PBXBuildFile section */

/* Begin PBXContainerItemProxy section */
		4EA63F4F1CEB456F00807710 /* PBXContainerItemProxy */ = {
			isa = PBXContainerItemProxy;
			containerPortal = 4EA63F321CEB456F00807710 /* Project object */;
			proxyType = 1;
			remoteGlobalIDString = 4EA63F391CEB456F00807710;
			remoteInfo = "ios-multitalk";
		};
		4EA63F5A1CEB456F00807710 /* PBXContainerItemProxy */ = {
			isa = PBXContainerItemProxy;
			containerPortal = 4EA63F321CEB456F00807710 /* Project object */;
			proxyType = 1;
			remoteGlobalIDString = 4EA63F391CEB456F00807710;
			remoteInfo = "ios-multitalk";
		};
/* End PBXContainerItemProxy section */

/* Begin PBXFileReference section */
		4EA63F3A1CEB456F00807710 /* ios-multitalk.app */ = {isa = PBXFileReference; explicitFileType = wrapper.application; includeInIndex = 0; path = "ios-multitalk.app"; sourceTree = BUILT_PRODUCTS_DIR; };
		4EA63F3D1CEB456F00807710 /* AppDelegate.swift */ = {isa = PBXFileReference; lastKnownFileType = sourcecode.swift; path = AppDelegate.swift; sourceTree = "<group>"; };
		4EA63F3F1CEB456F00807710 /* ViewController.swift */ = {isa = PBXFileReference; lastKnownFileType = sourcecode.swift; path = ViewController.swift; sourceTree = "<group>"; };
		4EA63F421CEB456F00807710 /* Base */ = {isa = PBXFileReference; lastKnownFileType = file.storyboard; name = Base; path = Base.lproj/Main.storyboard; sourceTree = "<group>"; };
		4EA63F441CEB456F00807710 /* Assets.xcassets */ = {isa = PBXFileReference; lastKnownFileType = folder.assetcatalog; path = Assets.xcassets; sourceTree = "<group>"; };
		4EA63F471CEB456F00807710 /* Base */ = {isa = PBXFileReference; lastKnownFileType = file.storyboard; name = Base; path = Base.lproj/LaunchScreen.storyboard; sourceTree = "<group>"; };
		4EA63F491CEB456F00807710 /* Info.plist */ = {isa = PBXFileReference; lastKnownFileType = text.plist.xml; path = Info.plist; sourceTree = "<group>"; };
		4EA63F4E1CEB456F00807710 /* ios-multitalkTests.xctest */ = {isa = PBXFileReference; explicitFileType = wrapper.cfbundle; includeInIndex = 0; path = "ios-multitalkTests.xctest"; sourceTree = BUILT_PRODUCTS_DIR; };
		4EA63F521CEB456F00807710 /* ios_multitalkTests.swift */ = {isa = PBXFileReference; lastKnownFileType = sourcecode.swift; path = ios_multitalkTests.swift; sourceTree = "<group>"; };
		4EA63F541CEB456F00807710 /* Info.plist */ = {isa = PBXFileReference; lastKnownFileType = text.plist.xml; path = Info.plist; sourceTree = "<group>"; };
		4EA63F591CEB456F00807710 /* ios-multitalkUITests.xctest */ = {isa = PBXFileReference; explicitFileType = wrapper.cfbundle; includeInIndex = 0; path = "ios-multitalkUITests.xctest"; sourceTree = BUILT_PRODUCTS_DIR; };
		4EA63F5D1CEB456F00807710 /* ios_multitalkUITests.swift */ = {isa = PBXFileReference; lastKnownFileType = sourcecode.swift; path = ios_multitalkUITests.swift; sourceTree = "<group>"; };
		4EA63F5F1CEB456F00807710 /* Info.plist */ = {isa = PBXFileReference; lastKnownFileType = text.plist.xml; path = Info.plist; sourceTree = "<group>"; };
		9814CF24F985DB713C3E8197 /* Pods_ios_multitalk.framework */ = {isa = PBXFileReference; explicitFileType = wrapper.framework; includeInIndex = 0; path = Pods_ios_multitalk.framework; sourceTree = BUILT_PRODUCTS_DIR; };
		9F891F8175009FCA64B6F732 /* Pods-ios-multitalk.release.xcconfig */ = {isa = PBXFileReference; includeInIndex = 1; lastKnownFileType = text.xcconfig; name = "Pods-ios-multitalk.release.xcconfig"; path = "Pods/Target Support Files/Pods-ios-multitalk/Pods-ios-multitalk.release.xcconfig"; sourceTree = "<group>"; };
		AB548910D0C7EBA2CAC1DF32 /* Pods-ios-multitalk.debug.xcconfig */ = {isa = PBXFileReference; includeInIndex = 1; lastKnownFileType = text.xcconfig; name = "Pods-ios-multitalk.debug.xcconfig"; path = "Pods/Target Support Files/Pods-ios-multitalk/Pods-ios-multitalk.debug.xcconfig"; sourceTree = "<group>"; };
/* End PBXFileReference section */

/* Begin PBXFrameworksBuildPhase section */
		4EA63F371CEB456F00807710 /* Frameworks */ = {
			isa = PBXFrameworksBuildPhase;
			buildActionMask = 2147483647;
			files = (
				53B46B6006E0128869266049 /* Pods_ios_multitalk.framework in Frameworks */,
			);
			runOnlyForDeploymentPostprocessing = 0;
		};
		4EA63F4B1CEB456F00807710 /* Frameworks */ = {
			isa = PBXFrameworksBuildPhase;
			buildActionMask = 2147483647;
			files = (
			);
			runOnlyForDeploymentPostprocessing = 0;
		};
		4EA63F561CEB456F00807710 /* Frameworks */ = {
			isa = PBXFrameworksBuildPhase;
			buildActionMask = 2147483647;
			files = (
			);
			runOnlyForDeploymentPostprocessing = 0;
		};
/* End PBXFrameworksBuildPhase section */

/* Begin PBXGroup section */
		2AF42F36A133E0FBEE4C2E99 /* Pods */ = {
			isa = PBXGroup;
			children = (
				AB548910D0C7EBA2CAC1DF32 /* Pods-ios-multitalk.debug.xcconfig */,
				9F891F8175009FCA64B6F732 /* Pods-ios-multitalk.release.xcconfig */,
			);
			name = Pods;
			sourceTree = "<group>";
		};
		4EA63F311CEB456F00807710 = {
			isa = PBXGroup;
			children = (
				4EA63F3C1CEB456F00807710 /* ios-multitalk */,
				4EA63F511CEB456F00807710 /* ios-multitalkTests */,
				4EA63F5C1CEB456F00807710 /* ios-multitalkUITests */,
				4EA63F3B1CEB456F00807710 /* Products */,
				2AF42F36A133E0FBEE4C2E99 /* Pods */,
				76D429D5AB9FC63060BB306A /* Frameworks */,
			);
			sourceTree = "<group>";
		};
		4EA63F3B1CEB456F00807710 /* Products */ = {
			isa = PBXGroup;
			children = (
				4EA63F3A1CEB456F00807710 /* ios-multitalk.app */,
				4EA63F4E1CEB456F00807710 /* ios-multitalkTests.xctest */,
				4EA63F591CEB456F00807710 /* ios-multitalkUITests.xctest */,
			);
			name = Products;
			sourceTree = "<group>";
		};
		4EA63F3C1CEB456F00807710 /* ios-multitalk */ = {
			isa = PBXGroup;
			children = (
				4EA63F3D1CEB456F00807710 /* AppDelegate.swift */,
				4EA63F3F1CEB456F00807710 /* ViewController.swift */,
				4EA63F411CEB456F00807710 /* Main.storyboard */,
				4EA63F441CEB456F00807710 /* Assets.xcassets */,
				4EA63F461CEB456F00807710 /* LaunchScreen.storyboard */,
				4EA63F491CEB456F00807710 /* Info.plist */,
			);
			path = "ios-multitalk";
			sourceTree = "<group>";
		};
		4EA63F511CEB456F00807710 /* ios-multitalkTests */ = {
			isa = PBXGroup;
			children = (
				4EA63F521CEB456F00807710 /* ios_multitalkTests.swift */,
				4EA63F541CEB456F00807710 /* Info.plist */,
			);
			path = "ios-multitalkTests";
			sourceTree = "<group>";
		};
		4EA63F5C1CEB456F00807710 /* ios-multitalkUITests */ = {
			isa = PBXGroup;
			children = (
				4EA63F5D1CEB456F00807710 /* ios_multitalkUITests.swift */,
				4EA63F5F1CEB456F00807710 /* Info.plist */,
			);
			path = "ios-multitalkUITests";
			sourceTree = "<group>";
		};
		76D429D5AB9FC63060BB306A /* Frameworks */ = {
			isa = PBXGroup;
			children = (
				9814CF24F985DB713C3E8197 /* Pods_ios_multitalk.framework */,
			);
			name = Frameworks;
			sourceTree = "<group>";
		};
/* End PBXGroup section */

/* Begin PBXNativeTarget section */
		4EA63F391CEB456F00807710 /* ios-multitalk */ = {
			isa = PBXNativeTarget;
			buildConfigurationList = 4EA63F621CEB456F00807710 /* Build configuration list for PBXNativeTarget "ios-multitalk" */;
			buildPhases = (
				6F376D489C5AE8DC95206CB2 /* 📦 Check Pods Manifest.lock */,
				4EA63F361CEB456F00807710 /* Sources */,
				4EA63F371CEB456F00807710 /* Frameworks */,
				4EA63F381CEB456F00807710 /* Resources */,
				8424F30E97D7C4F852E7D536 /* 📦 Embed Pods Frameworks */,
				30FBF693D5E6BC1FF967665A /* 📦 Copy Pods Resources */,
			);
			buildRules = (
			);
			dependencies = (
			);
			name = "ios-multitalk";
			productName = "ios-multitalk";
			productReference = 4EA63F3A1CEB456F00807710 /* ios-multitalk.app */;
			productType = "com.apple.product-type.application";
		};
		4EA63F4D1CEB456F00807710 /* ios-multitalkTests */ = {
			isa = PBXNativeTarget;
			buildConfigurationList = 4EA63F651CEB456F00807710 /* Build configuration list for PBXNativeTarget "ios-multitalkTests" */;
			buildPhases = (
				4EA63F4A1CEB456F00807710 /* Sources */,
				4EA63F4B1CEB456F00807710 /* Frameworks */,
				4EA63F4C1CEB456F00807710 /* Resources */,
			);
			buildRules = (
			);
			dependencies = (
				4EA63F501CEB456F00807710 /* PBXTargetDependency */,
			);
			name = "ios-multitalkTests";
			productName = "ios-multitalkTests";
			productReference = 4EA63F4E1CEB456F00807710 /* ios-multitalkTests.xctest */;
			productType = "com.apple.product-type.bundle.unit-test";
		};
		4EA63F581CEB456F00807710 /* ios-multitalkUITests */ = {
			isa = PBXNativeTarget;
			buildConfigurationList = 4EA63F681CEB456F00807710 /* Build configuration list for PBXNativeTarget "ios-multitalkUITests" */;
			buildPhases = (
				4EA63F551CEB456F00807710 /* Sources */,
				4EA63F561CEB456F00807710 /* Frameworks */,
				4EA63F571CEB456F00807710 /* Resources */,
			);
			buildRules = (
			);
			dependencies = (
				4EA63F5B1CEB456F00807710 /* PBXTargetDependency */,
			);
			name = "ios-multitalkUITests";
			productName = "ios-multitalkUITests";
			productReference = 4EA63F591CEB456F00807710 /* ios-multitalkUITests.xctest */;
			productType = "com.apple.product-type.bundle.ui-testing";
		};
/* End PBXNativeTarget section */

/* Begin PBXProject section */
		4EA63F321CEB456F00807710 /* Project object */ = {
			isa = PBXProject;
			attributes = {
				LastSwiftUpdateCheck = 0730;
				LastUpgradeCheck = 0730;
				ORGANIZATIONNAME = pseudobeer;
				TargetAttributes = {
					4EA63F391CEB456F00807710 = {
						CreatedOnToolsVersion = 7.3.1;
					};
					4EA63F4D1CEB456F00807710 = {
						CreatedOnToolsVersion = 7.3.1;
						TestTargetID = 4EA63F391CEB456F00807710;
					};
					4EA63F581CEB456F00807710 = {
						CreatedOnToolsVersion = 7.3.1;
						TestTargetID = 4EA63F391CEB456F00807710;
					};
				};
			};
			buildConfigurationList = 4EA63F351CEB456F00807710 /* Build configuration list for PBXProject "ios-multitalk" */;
			compatibilityVersion = "Xcode 3.2";
			developmentRegion = English;
			hasScannedForEncodings = 0;
			knownRegions = (
				en,
				Base,
			);
			mainGroup = 4EA63F311CEB456F00807710;
			productRefGroup = 4EA63F3B1CEB456F00807710 /* Products */;
			projectDirPath = "";
			projectRoot = "";
			targets = (
				4EA63F391CEB456F00807710 /* ios-multitalk */,
				4EA63F4D1CEB456F00807710 /* ios-multitalkTests */,
				4EA63F581CEB456F00807710 /* ios-multitalkUITests */,
			);
		};
/* End PBXProject section */

/* Begin PBXResourcesBuildPhase section */
		4EA63F381CEB456F00807710 /* Resources */ = {
			isa = PBXResourcesBuildPhase;
			buildActionMask = 2147483647;
			files = (
				4EA63F481CEB456F00807710 /* LaunchScreen.storyboard in Resources */,
				4EA63F451CEB456F00807710 /* Assets.xcassets in Resources */,
				4EA63F431CEB456F00807710 /* Main.storyboard in Resources */,
			);
			runOnlyForDeploymentPostprocessing = 0;
		};
		4EA63F4C1CEB456F00807710 /* Resources */ = {
			isa = PBXResourcesBuildPhase;
			buildActionMask = 2147483647;
			files = (
			);
			runOnlyForDeploymentPostprocessing = 0;
		};
		4EA63F571CEB456F00807710 /* Resources */ = {
			isa = PBXResourcesBuildPhase;
			buildActionMask = 2147483647;
			files = (
			);
			runOnlyForDeploymentPostprocessing = 0;
		};
/* End PBXResourcesBuildPhase section */

/* Begin PBXShellScriptBuildPhase section */
		30FBF693D5E6BC1FF967665A /* 📦 Copy Pods Resources */ = {
			isa = PBXShellScriptBuildPhase;
			buildActionMask = 2147483647;
			files = (
			);
			inputPaths = (
			);
			name = "📦 Copy Pods Resources";
			outputPaths = (
			);
			runOnlyForDeploymentPostprocessing = 0;
			shellPath = /bin/sh;
			shellScript = "\"${SRCROOT}/Pods/Target Support Files/Pods-ios-multitalk/Pods-ios-multitalk-resources.sh\"\n";
			showEnvVarsInLog = 0;
		};
		6F376D489C5AE8DC95206CB2 /* 📦 Check Pods Manifest.lock */ = {
			isa = PBXShellScriptBuildPhase;
			buildActionMask = 2147483647;
			files = (
			);
			inputPaths = (
			);
			name = "📦 Check Pods Manifest.lock";
			outputPaths = (
			);
			runOnlyForDeploymentPostprocessing = 0;
			shellPath = /bin/sh;
			shellScript = "diff \"${PODS_ROOT}/../Podfile.lock\" \"${PODS_ROOT}/Manifest.lock\" > /dev/null\nif [[ $? != 0 ]] ; then\n    cat << EOM\nerror: The sandbox is not in sync with the Podfile.lock. Run 'pod install' or update your CocoaPods installation.\nEOM\n    exit 1\nfi\n";
			showEnvVarsInLog = 0;
		};
		8424F30E97D7C4F852E7D536 /* 📦 Embed Pods Frameworks */ = {
			isa = PBXShellScriptBuildPhase;
			buildActionMask = 2147483647;
			files = (
			);
			inputPaths = (
			);
			name = "📦 Embed Pods Frameworks";
			outputPaths = (
			);
			runOnlyForDeploymentPostprocessing = 0;
			shellPath = /bin/sh;
			shellScript = "\"${SRCROOT}/Pods/Target Support Files/Pods-ios-multitalk/Pods-ios-multitalk-frameworks.sh\"\n";
			showEnvVarsInLog = 0;
		};
/* End PBXShellScriptBuildPhase section */

/* Begin PBXSourcesBuildPhase section */
		4EA63F361CEB456F00807710 /* Sources */ = {
			isa = PBXSourcesBuildPhase;
			buildActionMask = 2147483647;
			files = (
				4EA63F401CEB456F00807710 /* ViewController.swift in Sources */,
				4EA63F3E1CEB456F00807710 /* AppDelegate.swift in Sources */,
			);
			runOnlyForDeploymentPostprocessing = 0;
		};
		4EA63F4A1CEB456F00807710 /* Sources */ = {
			isa = PBXSourcesBuildPhase;
			buildActionMask = 2147483647;
			files = (
				4EA63F531CEB456F00807710 /* ios_multitalkTests.swift in Sources */,
			);
			runOnlyForDeploymentPostprocessing = 0;
		};
		4EA63F551CEB456F00807710 /* Sources */ = {
			isa = PBXSourcesBuildPhase;
			buildActionMask = 2147483647;
			files = (
				4EA63F5E1CEB456F00807710 /* ios_multitalkUITests.swift in Sources */,
			);
			runOnlyForDeploymentPostprocessing = 0;
		};
/* End PBXSourcesBuildPhase section */

/* Begin PBXTargetDependency section */
		4EA63F501CEB456F00807710 /* PBXTargetDependency */ = {
			isa = PBXTargetDependency;
			target = 4EA63F391CEB456F00807710 /* ios-multitalk */;
			targetProxy = 4EA63F4F1CEB456F00807710 /* PBXContainerItemProxy */;
		};
		4EA63F5B1CEB456F00807710 /* PBXTargetDependency */ = {
			isa = PBXTargetDependency;
			target = 4EA63F391CEB456F00807710 /* ios-multitalk */;
			targetProxy = 4EA63F5A1CEB456F00807710 /* PBXContainerItemProxy */;
		};
/* End PBXTargetDependency section */

/* Begin PBXVariantGroup section */
		4EA63F411CEB456F00807710 /* Main.storyboard */ = {
			isa = PBXVariantGroup;
			children = (
				4EA63F421CEB456F00807710 /* Base */,
			);
			name = Main.storyboard;
			sourceTree = "<group>";
		};
		4EA63F461CEB456F00807710 /* LaunchScreen.storyboard */ = {
			isa = PBXVariantGroup;
			children = (
				4EA63F471CEB456F00807710 /* Base */,
			);
			name = LaunchScreen.storyboard;
			sourceTree = "<group>";
		};
/* End PBXVariantGroup section */

/* Begin XCBuildConfiguration section */
		4EA63F601CEB456F00807710 /* Debug */ = {
			isa = XCBuildConfiguration;
			buildSettings = {
				ALWAYS_SEARCH_USER_PATHS = NO;
				CLANG_ANALYZER_NONNULL = YES;
				CLANG_CXX_LANGUAGE_STANDARD = "gnu++0x";
				CLANG_CXX_LIBRARY = "libc++";
				CLANG_ENABLE_MODULES = YES;
				CLANG_ENABLE_OBJC_ARC = YES;
				CLANG_WARN_BOOL_CONVERSION = YES;
				CLANG_WARN_CONSTANT_CONVERSION = YES;
				CLANG_WARN_DIRECT_OBJC_ISA_USAGE = YES_ERROR;
				CLANG_WARN_EMPTY_BODY = YES;
				CLANG_WARN_ENUM_CONVERSION = YES;
				CLANG_WARN_INT_CONVERSION = YES;
				CLANG_WARN_OBJC_ROOT_CLASS = YES_ERROR;
				CLANG_WARN_UNREACHABLE_CODE = YES;
				CLANG_WARN__DUPLICATE_METHOD_MATCH = YES;
				"CODE_SIGN_IDENTITY[sdk=iphoneos*]" = "iPhone Developer";
				COPY_PHASE_STRIP = NO;
				DEBUG_INFORMATION_FORMAT = dwarf;
				ENABLE_STRICT_OBJC_MSGSEND = YES;
				ENABLE_TESTABILITY = YES;
				GCC_C_LANGUAGE_STANDARD = gnu99;
				GCC_DYNAMIC_NO_PIC = NO;
				GCC_NO_COMMON_BLOCKS = YES;
				GCC_OPTIMIZATION_LEVEL = 0;
				GCC_PREPROCESSOR_DEFINITIONS = (
					"DEBUG=1",
					"$(inherited)",
				);
				GCC_WARN_64_TO_32_BIT_CONVERSION = YES;
				GCC_WARN_ABOUT_RETURN_TYPE = YES_ERROR;
				GCC_WARN_UNDECLARED_SELECTOR = YES;
				GCC_WARN_UNINITIALIZED_AUTOS = YES_AGGRESSIVE;
				GCC_WARN_UNUSED_FUNCTION = YES;
				GCC_WARN_UNUSED_VARIABLE = YES;
				IPHONEOS_DEPLOYMENT_TARGET = 9.3;
				MTL_ENABLE_DEBUG_INFO = YES;
				ONLY_ACTIVE_ARCH = YES;
				SDKROOT = iphoneos;
				SWIFT_OPTIMIZATION_LEVEL = "-Onone";
				TARGETED_DEVICE_FAMILY = "1,2";
			};
			name = Debug;
		};
		4EA63F611CEB456F00807710 /* Release */ = {
			isa = XCBuildConfiguration;
			buildSettings = {
				ALWAYS_SEARCH_USER_PATHS = NO;
				CLANG_ANALYZER_NONNULL = YES;
				CLANG_CXX_LANGUAGE_STANDARD = "gnu++0x";
				CLANG_CXX_LIBRARY = "libc++";
				CLANG_ENABLE_MODULES = YES;
				CLANG_ENABLE_OBJC_ARC = YES;
				CLANG_WARN_BOOL_CONVERSION = YES;
				CLANG_WARN_CONSTANT_CONVERSION = YES;
				CLANG_WARN_DIRECT_OBJC_ISA_USAGE = YES_ERROR;
				CLANG_WARN_EMPTY_BODY = YES;
				CLANG_WARN_ENUM_CONVERSION = YES;
				CLANG_WARN_INT_CONVERSION = YES;
				CLANG_WARN_OBJC_ROOT_CLASS = YES_ERROR;
				CLANG_WARN_UNREACHABLE_CODE = YES;
				CLANG_WARN__DUPLICATE_METHOD_MATCH = YES;
				"CODE_SIGN_IDENTITY[sdk=iphoneos*]" = "iPhone Developer";
				COPY_PHASE_STRIP = NO;
				DEBUG_INFORMATION_FORMAT = "dwarf-with-dsym";
				ENABLE_NS_ASSERTIONS = NO;
				ENABLE_STRICT_OBJC_MSGSEND = YES;
				GCC_C_LANGUAGE_STANDARD = gnu99;
				GCC_NO_COMMON_BLOCKS = YES;
				GCC_WARN_64_TO_32_BIT_CONVERSION = YES;
				GCC_WARN_ABOUT_RETURN_TYPE = YES_ERROR;
				GCC_WARN_UNDECLARED_SELECTOR = YES;
				GCC_WARN_UNINITIALIZED_AUTOS = YES_AGGRESSIVE;
				GCC_WARN_UNUSED_FUNCTION = YES;
				GCC_WARN_UNUSED_VARIABLE = YES;
				IPHONEOS_DEPLOYMENT_TARGET = 9.3;
				MTL_ENABLE_DEBUG_INFO = NO;
				SDKROOT = iphoneos;
				TARGETED_DEVICE_FAMILY = "1,2";
				VALIDATE_PRODUCT = YES;
			};
			name = Release;
		};
		4EA63F631CEB456F00807710 /* Debug */ = {
			isa = XCBuildConfiguration;
			baseConfigurationReference = AB548910D0C7EBA2CAC1DF32 /* Pods-ios-multitalk.debug.xcconfig */;
			buildSettings = {
				ASSETCATALOG_COMPILER_APPICON_NAME = AppIcon;
				INFOPLIST_FILE = "ios-multitalk/Info.plist";
				LD_RUNPATH_SEARCH_PATHS = "$(inherited) @executable_path/Frameworks";
				PRODUCT_BUNDLE_IDENTIFIER = "jp.pseudobeer.ios-multitalk";
				PRODUCT_NAME = "$(TARGET_NAME)";
			};
			name = Debug;
		};
		4EA63F641CEB456F00807710 /* Release */ = {
			isa = XCBuildConfiguration;
			baseConfigurationReference = 9F891F8175009FCA64B6F732 /* Pods-ios-multitalk.release.xcconfig */;
			buildSettings = {
				ASSETCATALOG_COMPILER_APPICON_NAME = AppIcon;
				INFOPLIST_FILE = "ios-multitalk/Info.plist";
				LD_RUNPATH_SEARCH_PATHS = "$(inherited) @executable_path/Frameworks";
				PRODUCT_BUNDLE_IDENTIFIER = "jp.pseudobeer.ios-multitalk";
				PRODUCT_NAME = "$(TARGET_NAME)";
			};
			name = Release;
		};
		4EA63F661CEB456F00807710 /* Debug */ = {
			isa = XCBuildConfiguration;
			buildSettings = {
				BUNDLE_LOADER = "$(TEST_HOST)";
				INFOPLIST_FILE = "ios-multitalkTests/Info.plist";
				LD_RUNPATH_SEARCH_PATHS = "$(inherited) @executable_path/Frameworks @loader_path/Frameworks";
				PRODUCT_BUNDLE_IDENTIFIER = "jp.pseudobeer.ios-multitalkTests";
				PRODUCT_NAME = "$(TARGET_NAME)";
				TEST_HOST = "$(BUILT_PRODUCTS_DIR)/ios-multitalk.app/ios-multitalk";
			};
			name = Debug;
		};
		4EA63F671CEB456F00807710 /* Release */ = {
			isa = XCBuildConfiguration;
			buildSettings = {
				BUNDLE_LOADER = "$(TEST_HOST)";
				INFOPLIST_FILE = "ios-multitalkTests/Info.plist";
				LD_RUNPATH_SEARCH_PATHS = "$(inherited) @executable_path/Frameworks @loader_path/Frameworks";
				PRODUCT_BUNDLE_IDENTIFIER = "jp.pseudobeer.ios-multitalkTests";
				PRODUCT_NAME = "$(TARGET_NAME)";
				TEST_HOST = "$(BUILT_PRODUCTS_DIR)/ios-multitalk.app/ios-multitalk";
			};
			name = Release;
		};
		4EA63F691CEB456F00807710 /* Debug */ = {
			isa = XCBuildConfiguration;
			buildSettings = {
				INFOPLIST_FILE = "ios-multitalkUITests/Info.plist";
				LD_RUNPATH_SEARCH_PATHS = "$(inherited) @executable_path/Frameworks @loader_path/Frameworks";
				PRODUCT_BUNDLE_IDENTIFIER = "jp.pseudobeer.ios-multitalkUITests";
				PRODUCT_NAME = "$(TARGET_NAME)";
				TEST_TARGET_NAME = "ios-multitalk";
			};
			name = Debug;
		};
		4EA63F6A1CEB456F00807710 /* Release */ = {
			isa = XCBuildConfiguration;
			buildSettings = {
				INFOPLIST_FILE = "ios-multitalkUITests/Info.plist";
				LD_RUNPATH_SEARCH_PATHS = "$(inherited) @executable_path/Frameworks @loader_path/Frameworks";
				PRODUCT_BUNDLE_IDENTIFIER = "jp.pseudobeer.ios-multitalkUITests";
				PRODUCT_NAME = "$(TARGET_NAME)";
				TEST_TARGET_NAME = "ios-multitalk";
			};
			name = Release;
		};
/* End XCBuildConfiguration section */

/* Begin XCConfigurationList section */
		4EA63F351CEB456F00807710 /* Build configuration list for PBXProject "ios-multitalk" */ = {
			isa = XCConfigurationList;
			buildConfigurations = (
				4EA63F601CEB456F00807710 /* Debug */,
				4EA63F611CEB456F00807710 /* Release */,
			);
			defaultConfigurationIsVisible = 0;
			defaultConfigurationName = Release;
		};
		4EA63F621CEB456F00807710 /* Build configuration list for PBXNativeTarget "ios-multitalk" */ = {
			isa = XCConfigurationList;
			buildConfigurations = (
				4EA63F631CEB456F00807710 /* Debug */,
				4EA63F641CEB456F00807710 /* Release */,
			);
			defaultConfigurationIsVisible = 0;
			defaultConfigurationName = Release;
		};
		4EA63F651CEB456F00807710 /* Build configuration list for PBXNativeTarget "ios-multitalkTests" */ = {
			isa = XCConfigurationList;
			buildConfigurations = (
				4EA63F661CEB456F00807710 /* Debug */,
				4EA63F671CEB456F00807710 /* Release */,
			);
			defaultConfigurationIsVisible = 0;
			defaultConfigurationName = Release;
		};
		4EA63F681CEB456F00807710 /* Build configuration list for PBXNativeTarget "ios-multitalkUITests" */ = {
			isa = XCConfigurationList;
			buildConfigurations = (
				4EA63F691CEB456F00807710 /* Debug */,
				4EA63F6A1CEB456F00807710 /* Release */,
			);
			defaultConfigurationIsVisible = 0;
			defaultConfigurationName = Release;
		};
/* End XCConfigurationList section */
	};
	rootObject = 4EA63F321CEB456F00807710 /* Project object */;
}
